dependencies:
- name: kubernetes-ingress
  repository: https://haproxytech.github.io/helm-charts
  version: 1.15.4
- name: kubernetes-ingress
  repository: https://haproxytech.github.io/helm-charts
  version: 1.15.4
digest: sha256:2b91d9b3c78b63334b3cd97f00edec66203ee6da5e8e66765932a50e44cff0f5
generated: "2021-06-24T17:22:38.160194+01:00"
