dependencies:
- name: kubernetes-ingress
  repository: https://haproxytech.github.io/helm-charts
  version: 1.16.3
- name: kubernetes-ingress
  repository: https://haproxytech.github.io/helm-charts
  version: 1.16.3
digest: sha256:c9ef057f755ae514a9187c91acc76dd6fffd3fe596a55509029bfb0c1205eb64
generated: "2021-09-28T11:22:10.458641+01:00"
