dependencies:
- name: kubernetes-ingress
  repository: https://haproxytech.github.io/helm-charts
  version: 1.3.2
- name: kubernetes-ingress
  repository: https://haproxytech.github.io/helm-charts
  version: 1.3.2
digest: sha256:30ff6af5fe3170fbc795092b7f991c80b753b97b834a241f17e0ee504e6ff77e
generated: "2020-06-23T19:03:39.34256+01:00"
